
Microsoft Visual Studio Solution File, Format Version 12.00
# Visual Studio Version 16
VisualStudioVersion = 16.0.30204.135
MinimumVisualStudioVersion = 10.0.40219.1
Project("{8BC9CEB8-8B4A-11D0-8D11-00A0C91BC942}") = "2DEngineDemo", "2DEngineDemo.vcxproj", "{196D638B-F650-4990-BD83-17A3BE950BFD}"
EndProject
Global
	GlobalSection(SolutionConfigurationPlatforms) = preSolution
		Debug|x64 = Debug|x64
		Debug|x86 = Debug|x86
		Release|x64 = Release|x64
		Release|x86 = Release|x86
	EndGlobalSection
	GlobalSection(ProjectConfigurationPlatforms) = postSolution
		{196D638B-F650-4990-BD83-17A3BE950BFD}.Debug|x64.ActiveCfg = Debug|x64
		{196D638B-F650-4990-BD83-17A3BE950BFD}.Debug|x64.Build.0 = Debug|x64
		{196D638B-F650-4990-BD83-17A3BE950BFD}.Debug|x86.ActiveCfg = Debug|Win32
		{196D638B-F650-4990-BD83-17A3BE950BFD}.Debug|x86.Build.0 = Debug|Win32
		{196D638B-F650-4990-BD83-17A3BE950BFD}.Release|x64.ActiveCfg = Release|x64
		{196D638B-F650-4990-BD83-17A3BE950BFD}.Release|x64.Build.0 = Release|x64
		{196D638B-F650-4990-BD83-17A3BE950BFD}.Release|x86.ActiveCfg = Release|Win32
		{196D638B-F650-4990-BD83-17A3BE950BFD}.Release|x86.Build.0 = Release|Win32
	EndGlobalSection
	GlobalSection(SolutionProperties) = preSolution
		HideSolutionNode = FALSE
	EndGlobalSection
	GlobalSection(ExtensibilityGlobals) = postSolution
		SolutionGuid = {A88DDAC8-2F21-489A-B03F-D287F6475B49}
	EndGlobalSection
EndGlobal
